
Microsoft Visual Studio Solution File, Format Version 12.00
# Visual Studio Version 17
VisualStudioVersion = 17.10.35027.167
MinimumVisualStudioVersion = 10.0.40219.1
Project("{FAE04EC0-301F-11D3-BF4B-00C04F79EFBC}") = "EducationCenter6.Common", "EducationCenter6.Common\EducationCenter6.Common.csproj", "{BCD617E8-AA93-47A8-BF96-933AA5753746}"
EndProject
Project("{9A19103F-16F7-4668-BE54-9A1E7A4F7556}") = "EducationCenter6.FormApp", "EducationCenter6.Form\EducationCenter6.FormApp.csproj", "{24B2AD00-57E9-4F87-9684-E3D456D0BF3C}"
EndProject
Project("{FAE04EC0-301F-11D3-BF4B-00C04F79EFBC}") = "EducationCenter6.Infrastructure", "EducationCenter6.Infrastructure\EducationCenter6.Infrastructure.csproj", "{77644E5E-0FB3-49CE-A4AC-8682EACDCC17}"
EndProject
Global
	GlobalSection(SolutionConfigurationPlatforms) = preSolution
		Debug|Any CPU = Debug|Any CPU
		Release|Any CPU = Release|Any CPU
	EndGlobalSection
	GlobalSection(ProjectConfigurationPlatforms) = postSolution
		{BCD617E8-AA93-47A8-BF96-933AA5753746}.Debug|Any CPU.ActiveCfg = Debug|Any CPU
		{BCD617E8-AA93-47A8-BF96-933AA5753746}.Debug|Any CPU.Build.0 = Debug|Any CPU
		{BCD617E8-AA93-47A8-BF96-933AA5753746}.Release|Any CPU.ActiveCfg = Release|Any CPU
		{BCD617E8-AA93-47A8-BF96-933AA5753746}.Release|Any CPU.Build.0 = Release|Any CPU
		{24B2AD00-57E9-4F87-9684-E3D456D0BF3C}.Debug|Any CPU.ActiveCfg = Debug|Any CPU
		{24B2AD00-57E9-4F87-9684-E3D456D0BF3C}.Debug|Any CPU.Build.0 = Debug|Any CPU
		{24B2AD00-57E9-4F87-9684-E3D456D0BF3C}.Release|Any CPU.ActiveCfg = Release|Any CPU
		{24B2AD00-57E9-4F87-9684-E3D456D0BF3C}.Release|Any CPU.Build.0 = Release|Any CPU
		{77644E5E-0FB3-49CE-A4AC-8682EACDCC17}.Debug|Any CPU.ActiveCfg = Debug|Any CPU
		{77644E5E-0FB3-49CE-A4AC-8682EACDCC17}.Debug|Any CPU.Build.0 = Debug|Any CPU
		{77644E5E-0FB3-49CE-A4AC-8682EACDCC17}.Release|Any CPU.ActiveCfg = Release|Any CPU
		{77644E5E-0FB3-49CE-A4AC-8682EACDCC17}.Release|Any CPU.Build.0 = Release|Any CPU
	EndGlobalSection
	GlobalSection(SolutionProperties) = preSolution
		HideSolutionNode = FALSE
	EndGlobalSection
	GlobalSection(ExtensibilityGlobals) = postSolution
		SolutionGuid = {BD57D73D-5840-4A76-BBD7-F0FF97441BE2}
	EndGlobalSection
EndGlobal
